
Microsoft Visual Studio Solution File, Format Version 12.00
# Visual Studio Version 17
VisualStudioVersion = 17.8.34330.188
MinimumVisualStudioVersion = 10.0.40219.1
Project("{FAE04EC0-301F-11D3-BF4B-00C04F79EFBC}") = "ComputerServiceDB-EF", "ComputerServiceDB-EF\ComputerServiceDB-EF.csproj", "{B3477F5C-4C48-4AAE-99B4-9FE008360491}"
EndProject
Global
	GlobalSection(SolutionConfigurationPlatforms) = preSolution
		Debug|Any CPU = Debug|Any CPU
		Release|Any CPU = Release|Any CPU
	EndGlobalSection
	GlobalSection(ProjectConfigurationPlatforms) = postSolution
		{B3477F5C-4C48-4AAE-99B4-9FE008360491}.Debug|Any CPU.ActiveCfg = Debug|Any CPU
		{B3477F5C-4C48-4AAE-99B4-9FE008360491}.Debug|Any CPU.Build.0 = Debug|Any CPU
		{B3477F5C-4C48-4AAE-99B4-9FE008360491}.Release|Any CPU.ActiveCfg = Release|Any CPU
		{B3477F5C-4C48-4AAE-99B4-9FE008360491}.Release|Any CPU.Build.0 = Release|Any CPU
	EndGlobalSection
	GlobalSection(SolutionProperties) = preSolution
		HideSolutionNode = FALSE
	EndGlobalSection
	GlobalSection(ExtensibilityGlobals) = postSolution
		SolutionGuid = {CEAAB86E-1ECF-41F6-8514-5DEC5A77063E}
	EndGlobalSection
EndGlobal
